
Microsoft Visual Studio Solution File, Format Version 12.00
# Visual Studio Version 17
VisualStudioVersion = 17.3.32922.545
MinimumVisualStudioVersion = 10.0.40219.1
Project("{FAE04EC0-301F-11D3-BF4B-00C04F79EFBC}") = "Zaliczenie", "Zaliczenie.csproj", "{66C1903B-984B-407D-84FC-3034EAE9C8FD}"
EndProject
Global
	GlobalSection(SolutionConfigurationPlatforms) = preSolution
		Debug|Any CPU = Debug|Any CPU
		Release|Any CPU = Release|Any CPU
	EndGlobalSection
	GlobalSection(ProjectConfigurationPlatforms) = postSolution
		{66C1903B-984B-407D-84FC-3034EAE9C8FD}.Debug|Any CPU.ActiveCfg = Debug|Any CPU
		{66C1903B-984B-407D-84FC-3034EAE9C8FD}.Debug|Any CPU.Build.0 = Debug|Any CPU
		{66C1903B-984B-407D-84FC-3034EAE9C8FD}.Release|Any CPU.ActiveCfg = Release|Any CPU
		{66C1903B-984B-407D-84FC-3034EAE9C8FD}.Release|Any CPU.Build.0 = Release|Any CPU
	EndGlobalSection
	GlobalSection(SolutionProperties) = preSolution
		HideSolutionNode = FALSE
	EndGlobalSection
	GlobalSection(ExtensibilityGlobals) = postSolution
		SolutionGuid = {9FA6CD51-9F2C-45DD-AAFB-3602CE25D559}
	EndGlobalSection
EndGlobal
